// !$*UTF8*$!
{
	archiveVersion = 1;
	classes = {
	};
	objectVersion = 50;
	objects = {

/* Begin PBXBuildFile section */
		9F398DEE24DA014200F83A21 /* AppDelegate.swift in Sources */ = {isa = PBXBuildFile; fileRef = 9F398DED24DA014200F83A21 /* AppDelegate.swift */; };
		9F398DF024DA014200F83A21 /* SceneDelegate.swift in Sources */ = {isa = PBXBuildFile; fileRef = 9F398DEF24DA014200F83A21 /* SceneDelegate.swift */; };
		9F398DF524DA014200F83A21 /* Main.storyboard in Resources */ = {isa = PBXBuildFile; fileRef = 9F398DF324DA014200F83A21 /* Main.storyboard */; };
		9F398DF724DA014200F83A21 /* Assets.xcassets in Resources */ = {isa = PBXBuildFile; fileRef = 9F398DF624DA014200F83A21 /* Assets.xcassets */; };
		9F398DFA24DA014200F83A21 /* LaunchScreen.storyboard in Resources */ = {isa = PBXBuildFile; fileRef = 9F398DF824DA014200F83A21 /* LaunchScreen.storyboard */; };
		9F398E0724DA037500F83A21 /* Card.swift in Sources */ = {isa = PBXBuildFile; fileRef = 9F398E0624DA037500F83A21 /* Card.swift */; };
		9F398E0924DA046A00F83A21 /* CardController.swift in Sources */ = {isa = PBXBuildFile; fileRef = 9F398E0824DA046A00F83A21 /* CardController.swift */; };
		9F398E0B24DA051300F83A21 /* CardError.swift in Sources */ = {isa = PBXBuildFile; fileRef = 9F398E0A24DA051300F83A21 /* CardError.swift */; };
		9F57A12E24DA14CB0057C725 /* UIViewControllerExtension.swift in Sources */ = {isa = PBXBuildFile; fileRef = 9F57A12D24DA14CB0057C725 /* UIViewControllerExtension.swift */; };
		9F57A13124DA16600057C725 /* CardViewController.swift in Sources */ = {isa = PBXBuildFile; fileRef = 9F57A13024DA16600057C725 /* CardViewController.swift */; };
/* End PBXBuildFile section */

/* Begin PBXFileReference section */
		9F398DEA24DA014200F83A21 /* DeckOfOneCard35.app */ = {isa = PBXFileReference; explicitFileType = wrapper.application; includeInIndex = 0; path = DeckOfOneCard35.app; sourceTree = BUILT_PRODUCTS_DIR; };
		9F398DED24DA014200F83A21 /* AppDelegate.swift */ = {isa = PBXFileReference; lastKnownFileType = sourcecode.swift; path = AppDelegate.swift; sourceTree = "<group>"; };
		9F398DEF24DA014200F83A21 /* SceneDelegate.swift */ = {isa = PBXFileReference; lastKnownFileType = sourcecode.swift; path = SceneDelegate.swift; sourceTree = "<group>"; };
		9F398DF424DA014200F83A21 /* Base */ = {isa = PBXFileReference; lastKnownFileType = file.storyboard; name = Base; path = Base.lproj/Main.storyboard; sourceTree = "<group>"; };
		9F398DF624DA014200F83A21 /* Assets.xcassets */ = {isa = PBXFileReference; lastKnownFileType = folder.assetcatalog; path = Assets.xcassets; sourceTree = "<group>"; };
		9F398DF924DA014200F83A21 /* Base */ = {isa = PBXFileReference; lastKnownFileType = file.storyboard; name = Base; path = Base.lproj/LaunchScreen.storyboard; sourceTree = "<group>"; };
		9F398DFB24DA014200F83A21 /* Info.plist */ = {isa = PBXFileReference; lastKnownFileType = text.plist.xml; path = Info.plist; sourceTree = "<group>"; };
		9F398E0624DA037500F83A21 /* Card.swift */ = {isa = PBXFileReference; lastKnownFileType = sourcecode.swift; path = Card.swift; sourceTree = "<group>"; };
		9F398E0824DA046A00F83A21 /* CardController.swift */ = {isa = PBXFileReference; lastKnownFileType = sourcecode.swift; path = CardController.swift; sourceTree = "<group>"; };
		9F398E0A24DA051300F83A21 /* CardError.swift */ = {isa = PBXFileReference; lastKnownFileType = sourcecode.swift; path = CardError.swift; sourceTree = "<group>"; };
		9F57A12D24DA14CB0057C725 /* UIViewControllerExtension.swift */ = {isa = PBXFileReference; lastKnownFileType = sourcecode.swift; path = UIViewControllerExtension.swift; sourceTree = "<group>"; };
		9F57A13024DA16600057C725 /* CardViewController.swift */ = {isa = PBXFileReference; lastKnownFileType = sourcecode.swift; path = CardViewController.swift; sourceTree = "<group>"; };
/* End PBXFileReference section */

/* Begin PBXFrameworksBuildPhase section */
		9F398DE724DA014200F83A21 /* Frameworks */ = {
			isa = PBXFrameworksBuildPhase;
			buildActionMask = 2147483647;
			files = (
			);
			runOnlyForDeploymentPostprocessing = 0;
		};
/* End PBXFrameworksBuildPhase section */

/* Begin PBXGroup section */
		9F398DE124DA014200F83A21 = {
			isa = PBXGroup;
			children = (
				9F398DEC24DA014200F83A21 /* DeckOfOneCard35 */,
				9F398DEB24DA014200F83A21 /* Products */,
			);
			sourceTree = "<group>";
		};
		9F398DEB24DA014200F83A21 /* Products */ = {
			isa = PBXGroup;
			children = (
				9F398DEA24DA014200F83A21 /* DeckOfOneCard35.app */,
			);
			name = Products;
			sourceTree = "<group>";
		};
		9F398DEC24DA014200F83A21 /* DeckOfOneCard35 */ = {
			isa = PBXGroup;
			children = (
				9F398E0524DA031700F83A21 /* Models */,
				9F398E0424DA031400F83A21 /* Controllers */,
				9F398E0324DA031000F83A21 /* Views */,
				9F398E0224DA030C00F83A21 /* Helpers and Extensions */,
				9F398E0124DA015600F83A21 /* Resources */,
				9F398DF324DA014200F83A21 /* Main.storyboard */,
			);
			path = DeckOfOneCard35;
			sourceTree = "<group>";
		};
		9F398E0124DA015600F83A21 /* Resources */ = {
			isa = PBXGroup;
			children = (
				9F398DED24DA014200F83A21 /* AppDelegate.swift */,
				9F398DEF24DA014200F83A21 /* SceneDelegate.swift */,
				9F398DF624DA014200F83A21 /* Assets.xcassets */,
				9F398DF824DA014200F83A21 /* LaunchScreen.storyboard */,
				9F398DFB24DA014200F83A21 /* Info.plist */,
			);
			path = Resources;
			sourceTree = "<group>";
		};
		9F398E0224DA030C00F83A21 /* Helpers and Extensions */ = {
			isa = PBXGroup;
			children = (
				9F398E0A24DA051300F83A21 /* CardError.swift */,
				9F57A12D24DA14CB0057C725 /* UIViewControllerExtension.swift */,
			);
			path = "Helpers and Extensions";
			sourceTree = "<group>";
		};
		9F398E0324DA031000F83A21 /* Views */ = {
			isa = PBXGroup;
			children = (
			);
			path = Views;
			sourceTree = "<group>";
		};
		9F398E0424DA031400F83A21 /* Controllers */ = {
			isa = PBXGroup;
			children = (
				9F398E0C24DA05E400F83A21 /* ModelControllers */,
				9F57A12F24DA162C0057C725 /* ViewControllers */,
			);
			path = Controllers;
			sourceTree = "<group>";
		};
		9F398E0524DA031700F83A21 /* Models */ = {
			isa = PBXGroup;
			children = (
				9F398E0624DA037500F83A21 /* Card.swift */,
			);
			path = Models;
			sourceTree = "<group>";
		};
		9F398E0C24DA05E400F83A21 /* ModelControllers */ = {
			isa = PBXGroup;
			children = (
				9F398E0824DA046A00F83A21 /* CardController.swift */,
			);
			path = ModelControllers;
			sourceTree = "<group>";
		};
		9F57A12F24DA162C0057C725 /* ViewControllers */ = {
			isa = PBXGroup;
			children = (
				9F57A13024DA16600057C725 /* CardViewController.swift */,
			);
			path = ViewControllers;
			sourceTree = "<group>";
		};
/* End PBXGroup section */

/* Begin PBXNativeTarget section */
		9F398DE924DA014200F83A21 /* DeckOfOneCard35 */ = {
			isa = PBXNativeTarget;
			buildConfigurationList = 9F398DFE24DA014200F83A21 /* Build configuration list for PBXNativeTarget "DeckOfOneCard35" */;
			buildPhases = (
				9F398DE624DA014200F83A21 /* Sources */,
				9F398DE724DA014200F83A21 /* Frameworks */,
				9F398DE824DA014200F83A21 /* Resources */,
			);
			buildRules = (
			);
			dependencies = (
			);
			name = DeckOfOneCard35;
			productName = DeckOfOneCard35;
			productReference = 9F398DEA24DA014200F83A21 /* DeckOfOneCard35.app */;
			productType = "com.apple.product-type.application";
		};
/* End PBXNativeTarget section */

/* Begin PBXProject section */
		9F398DE224DA014200F83A21 /* Project object */ = {
			isa = PBXProject;
			attributes = {
				LastSwiftUpdateCheck = 1160;
				LastUpgradeCheck = 1160;
				ORGANIZATIONNAME = "Todd Crandall";
				TargetAttributes = {
					9F398DE924DA014200F83A21 = {
						CreatedOnToolsVersion = 11.6;
					};
				};
			};
			buildConfigurationList = 9F398DE524DA014200F83A21 /* Build configuration list for PBXProject "DeckOfOneCard35" */;
			compatibilityVersion = "Xcode 9.3";
			developmentRegion = en;
			hasScannedForEncodings = 0;
			knownRegions = (
				en,
				Base,
			);
			mainGroup = 9F398DE124DA014200F83A21;
			productRefGroup = 9F398DEB24DA014200F83A21 /* Products */;
			projectDirPath = "";
			projectRoot = "";
			targets = (
				9F398DE924DA014200F83A21 /* DeckOfOneCard35 */,
			);
		};
/* End PBXProject section */

/* Begin PBXResourcesBuildPhase section */
		9F398DE824DA014200F83A21 /* Resources */ = {
			isa = PBXResourcesBuildPhase;
			buildActionMask = 2147483647;
			files = (
				9F398DFA24DA014200F83A21 /* LaunchScreen.storyboard in Resources */,
				9F398DF724DA014200F83A21 /* Assets.xcassets in Resources */,
				9F398DF524DA014200F83A21 /* Main.storyboard in Resources */,
			);
			runOnlyForDeploymentPostprocessing = 0;
		};
/* End PBXResourcesBuildPhase section */

/* Begin PBXSourcesBuildPhase section */
		9F398DE624DA014200F83A21 /* Sources */ = {
			isa = PBXSourcesBuildPhase;
			buildActionMask = 2147483647;
			files = (
				9F398DEE24DA014200F83A21 /* AppDelegate.swift in Sources */,
				9F57A13124DA16600057C725 /* CardViewController.swift in Sources */,
				9F398E0924DA046A00F83A21 /* CardController.swift in Sources */,
				9F57A12E24DA14CB0057C725 /* UIViewControllerExtension.swift in Sources */,
				9F398E0724DA037500F83A21 /* Card.swift in Sources */,
				9F398E0B24DA051300F83A21 /* CardError.swift in Sources */,
				9F398DF024DA014200F83A21 /* SceneDelegate.swift in Sources */,
			);
			runOnlyForDeploymentPostprocessing = 0;
		};
/* End PBXSourcesBuildPhase section */

/* Begin PBXVariantGroup section */
		9F398DF324DA014200F83A21 /* Main.storyboard */ = {
			isa = PBXVariantGroup;
			children = (
				9F398DF424DA014200F83A21 /* Base */,
			);
			name = Main.storyboard;
			sourceTree = "<group>";
		};
		9F398DF824DA014200F83A21 /* LaunchScreen.storyboard */ = {
			isa = PBXVariantGroup;
			children = (
				9F398DF924DA014200F83A21 /* Base */,
			);
			name = LaunchScreen.storyboard;
			sourceTree = "<group>";
		};
/* End PBXVariantGroup section */

/* Begin XCBuildConfiguration section */
		9F398DFC24DA014200F83A21 /* Debug */ = {
			isa = XCBuildConfiguration;
			buildSettings = {
				ALWAYS_SEARCH_USER_PATHS = NO;
				CLANG_ANALYZER_NONNULL = YES;
				CLANG_ANALYZER_NUMBER_OBJECT_CONVERSION = YES_AGGRESSIVE;
				CLANG_CXX_LANGUAGE_STANDARD = "gnu++14";
				CLANG_CXX_LIBRARY = "libc++";
				CLANG_ENABLE_MODULES = YES;
				CLANG_ENABLE_OBJC_ARC = YES;
				CLANG_ENABLE_OBJC_WEAK = YES;
				CLANG_WARN_BLOCK_CAPTURE_AUTORELEASING = YES;
				CLANG_WARN_BOOL_CONVERSION = YES;
				CLANG_WARN_COMMA = YES;
				CLANG_WARN_CONSTANT_CONVERSION = YES;
				CLANG_WARN_DEPRECATED_OBJC_IMPLEMENTATIONS = YES;
				CLANG_WARN_DIRECT_OBJC_ISA_USAGE = YES_ERROR;
				CLANG_WARN_DOCUMENTATION_COMMENTS = YES;
				CLANG_WARN_EMPTY_BODY = YES;
				CLANG_WARN_ENUM_CONVERSION = YES;
				CLANG_WARN_INFINITE_RECURSION = YES;
				CLANG_WARN_INT_CONVERSION = YES;
				CLANG_WARN_NON_LITERAL_NULL_CONVERSION = YES;
				CLANG_WARN_OBJC_IMPLICIT_RETAIN_SELF = YES;
				CLANG_WARN_OBJC_LITERAL_CONVERSION = YES;
				CLANG_WARN_OBJC_ROOT_CLASS = YES_ERROR;
				CLANG_WARN_RANGE_LOOP_ANALYSIS = YES;
				CLANG_WARN_STRICT_PROTOTYPES = YES;
				CLANG_WARN_SUSPICIOUS_MOVE = YES;
				CLANG_WARN_UNGUARDED_AVAILABILITY = YES_AGGRESSIVE;
				CLANG_WARN_UNREACHABLE_CODE = YES;
				CLANG_WARN__DUPLICATE_METHOD_MATCH = YES;
				COPY_PHASE_STRIP = NO;
				DEBUG_INFORMATION_FORMAT = dwarf;
				ENABLE_STRICT_OBJC_MSGSEND = YES;
				ENABLE_TESTABILITY = YES;
				GCC_C_LANGUAGE_STANDARD = gnu11;
				GCC_DYNAMIC_NO_PIC = NO;
				GCC_NO_COMMON_BLOCKS = YES;
				GCC_OPTIMIZATION_LEVEL = 0;
				GCC_PREPROCESSOR_DEFINITIONS = (
					"DEBUG=1",
					"$(inherited)",
				);
				GCC_WARN_64_TO_32_BIT_CONVERSION = YES;
				GCC_WARN_ABOUT_RETURN_TYPE = YES_ERROR;
				GCC_WARN_UNDECLARED_SELECTOR = YES;
				GCC_WARN_UNINITIALIZED_AUTOS = YES_AGGRESSIVE;
				GCC_WARN_UNUSED_FUNCTION = YES;
				GCC_WARN_UNUSED_VARIABLE = YES;
				IPHONEOS_DEPLOYMENT_TARGET = 13.6;
				MTL_ENABLE_DEBUG_INFO = INCLUDE_SOURCE;
				MTL_FAST_MATH = YES;
				ONLY_ACTIVE_ARCH = YES;
				SDKROOT = iphoneos;
				SWIFT_ACTIVE_COMPILATION_CONDITIONS = DEBUG;
				SWIFT_OPTIMIZATION_LEVEL = "-Onone";
			};
			name = Debug;
		};
		9F398DFD24DA014200F83A21 /* Release */ = {
			isa = XCBuildConfiguration;
			buildSettings = {
				ALWAYS_SEARCH_USER_PATHS = NO;
				CLANG_ANALYZER_NONNULL = YES;
				CLANG_ANALYZER_NUMBER_OBJECT_CONVERSION = YES_AGGRESSIVE;
				CLANG_CXX_LANGUAGE_STANDARD = "gnu++14";
				CLANG_CXX_LIBRARY = "libc++";
				CLANG_ENABLE_MODULES = YES;
				CLANG_ENABLE_OBJC_ARC = YES;
				CLANG_ENABLE_OBJC_WEAK = YES;
				CLANG_WARN_BLOCK_CAPTURE_AUTORELEASING = YES;
				CLANG_WARN_BOOL_CONVERSION = YES;
				CLANG_WARN_COMMA = YES;
				CLANG_WARN_CONSTANT_CONVERSION = YES;
				CLANG_WARN_DEPRECATED_OBJC_IMPLEMENTATIONS = YES;
				CLANG_WARN_DIRECT_OBJC_ISA_USAGE = YES_ERROR;
				CLANG_WARN_DOCUMENTATION_COMMENTS = YES;
				CLANG_WARN_EMPTY_BODY = YES;
				CLANG_WARN_ENUM_CONVERSION = YES;
				CLANG_WARN_INFINITE_RECURSION = YES;
				CLANG_WARN_INT_CONVERSION = YES;
				CLANG_WARN_NON_LITERAL_NULL_CONVERSION = YES;
				CLANG_WARN_OBJC_IMPLICIT_RETAIN_SELF = YES;
				CLANG_WARN_OBJC_LITERAL_CONVERSION = YES;
				CLANG_WARN_OBJC_ROOT_CLASS = YES_ERROR;
				CLANG_WARN_RANGE_LOOP_ANALYSIS = YES;
				CLANG_WARN_STRICT_PROTOTYPES = YES;
				CLANG_WARN_SUSPICIOUS_MOVE = YES;
				CLANG_WARN_UNGUARDED_AVAILABILITY = YES_AGGRESSIVE;
				CLANG_WARN_UNREACHABLE_CODE = YES;
				CLANG_WARN__DUPLICATE_METHOD_MATCH = YES;
				COPY_PHASE_STRIP = NO;
				DEBUG_INFORMATION_FORMAT = "dwarf-with-dsym";
				ENABLE_NS_ASSERTIONS = NO;
				ENABLE_STRICT_OBJC_MSGSEND = YES;
				GCC_C_LANGUAGE_STANDARD = gnu11;
				GCC_NO_COMMON_BLOCKS = YES;
				GCC_WARN_64_TO_32_BIT_CONVERSION = YES;
				GCC_WARN_ABOUT_RETURN_TYPE = YES_ERROR;
				GCC_WARN_UNDECLARED_SELECTOR = YES;
				GCC_WARN_UNINITIALIZED_AUTOS = YES_AGGRESSIVE;
				GCC_WARN_UNUSED_FUNCTION = YES;
				GCC_WARN_UNUSED_VARIABLE = YES;
				IPHONEOS_DEPLOYMENT_TARGET = 13.6;
				MTL_ENABLE_DEBUG_INFO = NO;
				MTL_FAST_MATH = YES;
				SDKROOT = iphoneos;
				SWIFT_COMPILATION_MODE = wholemodule;
				SWIFT_OPTIMIZATION_LEVEL = "-O";
				VALIDATE_PRODUCT = YES;
			};
			name = Release;
		};
		9F398DFF24DA014200F83A21 /* Debug */ = {
			isa = XCBuildConfiguration;
			buildSettings = {
				ASSETCATALOG_COMPILER_APPICON_NAME = AppIcon;
				CODE_SIGN_STYLE = Automatic;
				DEVELOPMENT_TEAM = W526HH7467;
				INFOPLIST_FILE = DeckOfOneCard35/Resources/Info.plist;
				LD_RUNPATH_SEARCH_PATHS = (
					"$(inherited)",
					"@executable_path/Frameworks",
				);
				PRODUCT_BUNDLE_IDENTIFIER = iOS35.DeckOfOneCard35;
				PRODUCT_NAME = "$(TARGET_NAME)";
				SWIFT_VERSION = 5.0;
				TARGETED_DEVICE_FAMILY = "1,2";
			};
			name = Debug;
		};
		9F398E0024DA014200F83A21 /* Release */ = {
			isa = XCBuildConfiguration;
			buildSettings = {
				ASSETCATALOG_COMPILER_APPICON_NAME = AppIcon;
				CODE_SIGN_STYLE = Automatic;
				DEVELOPMENT_TEAM = W526HH7467;
				INFOPLIST_FILE = DeckOfOneCard35/Resources/Info.plist;
				LD_RUNPATH_SEARCH_PATHS = (
					"$(inherited)",
					"@executable_path/Frameworks",
				);
				PRODUCT_BUNDLE_IDENTIFIER = iOS35.DeckOfOneCard35;
				PRODUCT_NAME = "$(TARGET_NAME)";
				SWIFT_VERSION = 5.0;
				TARGETED_DEVICE_FAMILY = "1,2";
			};
			name = Release;
		};
/* End XCBuildConfiguration section */

/* Begin XCConfigurationList section */
		9F398DE524DA014200F83A21 /* Build configuration list for PBXProject "DeckOfOneCard35" */ = {
			isa = XCConfigurationList;
			buildConfigurations = (
				9F398DFC24DA014200F83A21 /* Debug */,
				9F398DFD24DA014200F83A21 /* Release */,
			);
			defaultConfigurationIsVisible = 0;
			defaultConfigurationName = Release;
		};
		9F398DFE24DA014200F83A21 /* Build configuration list for PBXNativeTarget "DeckOfOneCard35" */ = {
			isa = XCConfigurationList;
			buildConfigurations = (
				9F398DFF24DA014200F83A21 /* Debug */,
				9F398E0024DA014200F83A21 /* Release */,
			);
			defaultConfigurationIsVisible = 0;
			defaultConfigurationName = Release;
		};
/* End XCConfigurationList section */
	};
	rootObject = 9F398DE224DA014200F83A21 /* Project object */;
}
